
Microsoft Visual Studio Solution File, Format Version 12.00
# Visual Studio 15
Project("{FAE04EC0-301F-11D3-BF4B-00C04F79EFBC}") = "Assembly-CSharp", "Assembly-CSharp.csproj", "{FDBDA2ED-6E32-3A04-8102-CB0CC212F884}"
EndProject
Global
	GlobalSection(SolutionConfigurationPlatforms) = preSolution
		Debug|Any CPU = Debug|Any CPU
		Release|Any CPU = Release|Any CPU
	EndGlobalSection
	GlobalSection(ProjectConfigurationPlatforms) = postSolution
		{FDBDA2ED-6E32-3A04-8102-CB0CC212F884}.Debug|Any CPU.ActiveCfg = Debug|Any CPU
		{FDBDA2ED-6E32-3A04-8102-CB0CC212F884}.Debug|Any CPU.Build.0 = Debug|Any CPU
		{FDBDA2ED-6E32-3A04-8102-CB0CC212F884}.Release|Any CPU.ActiveCfg = Release|Any CPU
		{FDBDA2ED-6E32-3A04-8102-CB0CC212F884}.Release|Any CPU.Build.0 = Release|Any CPU
	EndGlobalSection
	GlobalSection(SolutionProperties) = preSolution
		HideSolutionNode = FALSE
	EndGlobalSection
EndGlobal
